{
    "version": 3,
    "terraform_version": "0.11.13",
    "serial": 2,
    "lineage": "4e6fafb5-b47a-ecaa-51ca-5143a0bf1131",
    "modules": [
        {
            "path": [
                "root"
            ],
            "outputs": {},
            "resources": {
                "data.nsxt_edge_cluster.edge_cluster1": {
                    "type": "nsxt_edge_cluster",
                    "depends_on": [],
                    "primary": {
                        "id": "180086e0-7b30-4068-9dad-aa90069d2f5f",
                        "attributes": {
                            "deployment_type": "VIRTUAL_MACHINE",
                            "description": "",
                            "display_name": "Edge-Cluster-01",
                            "id": "180086e0-7b30-4068-9dad-aa90069d2f5f",
                            "member_node_type": "EDGE_NODE"
                        },
                        "meta": {},
                        "tainted": false
                    },
                    "deposed": [],
                    "provider": "provider.nsxt"
                },
                "data.nsxt_logical_tier0_router.tier0_router": {
                    "type": "nsxt_logical_tier0_router",
                    "depends_on": [],
                    "primary": {
                        "id": "82e25c73-7438-4ad7-9761-e666d87fc276",
                        "attributes": {
                            "description": "",
                            "display_name": "Tier-0",
                            "edge_cluster_id": "180086e0-7b30-4068-9dad-aa90069d2f5f",
                            "high_availability_mode": "ACTIVE_ACTIVE",
                            "id": "82e25c73-7438-4ad7-9761-e666d87fc276"
                        },
                        "meta": {},
                        "tainted": false
                    },
                    "deposed": [],
                    "provider": "provider.nsxt"
                },
                "data.nsxt_ns_service.https": {
                    "type": "nsxt_ns_service",
                    "depends_on": [],
                    "primary": {
                        "id": "3705b545-81b8-4c0f-b77a-fec77f6bf134",
                        "attributes": {
                            "description": "HTTPS",
                            "display_name": "HTTPS",
                            "id": "3705b545-81b8-4c0f-b77a-fec77f6bf134"
                        },
                        "meta": {},
                        "tainted": false
                    },
                    "deposed": [],
                    "provider": "provider.nsxt"
                },
                "data.nsxt_ns_service.mysql": {
                    "type": "nsxt_ns_service",
                    "depends_on": [],
                    "primary": {
                        "id": "94105840-4f08-4805-a36d-b11368e5f2b1",
                        "attributes": {
                            "description": "MySQL",
                            "display_name": "MySQL",
                            "id": "94105840-4f08-4805-a36d-b11368e5f2b1"
                        },
                        "meta": {},
                        "tainted": false
                    },
                    "deposed": [],
                    "provider": "provider.nsxt"
                },
                "data.nsxt_ns_service.ssh": {
                    "type": "nsxt_ns_service",
                    "depends_on": [],
                    "primary": {
                        "id": "0b12e2c3-a728-456e-a246-2b722b7b9212",
                        "attributes": {
                            "description": "SSH",
                            "display_name": "SSH",
                            "id": "0b12e2c3-a728-456e-a246-2b722b7b9212"
                        },
                        "meta": {},
                        "tainted": false
                    },
                    "deposed": [],
                    "provider": "provider.nsxt"
                },
                "data.nsxt_transport_zone.overlay_tz": {
                    "type": "nsxt_transport_zone",
                    "depends_on": [],
                    "primary": {
                        "id": "1df18b6f-0659-430f-9c37-b7d2763f67e9",
                        "attributes": {
                            "description": "NSX Configured Overlay Transport Zone",
                            "display_name": "Overlay-TZ",
                            "host_switch_name": "nvds",
                            "id": "1df18b6f-0659-430f-9c37-b7d2763f67e9",
                            "transport_type": "OVERLAY"
                        },
                        "meta": {},
                        "tainted": false
                    },
                    "deposed": [],
                    "provider": "provider.nsxt"
                },
                "nsxt_firewall_section.firewall_section": {
                    "type": "nsxt_firewall_section",
                    "depends_on": [
                        "data.nsxt_ns_service.https",
                        "data.nsxt_ns_service.mysql",
                        "data.nsxt_ns_service.ssh",
                        "nsxt_ip_set.ip_set",
                        "nsxt_l4_port_set_ns_service.app",
                        "nsxt_ns_group.appnsgroup",
                        "nsxt_ns_group.dbnsgroup",
                        "nsxt_ns_group.nsgroup",
                        "nsxt_ns_group.webnsgroup"
                    ],
                    "primary": {
                        "id": "6bd5e81e-adf5-4dd6-b579-50f9a585252d",
                        "attributes": {
                            "applied_to.#": "1",
                            "applied_to.1550972364.is_valid": "true",
                            "applied_to.1550972364.target_display_name": "terraform-demo-sg",
                            "applied_to.1550972364.target_id": "679d3d85-c669-4241-bdd5-0aa4d362a10a",
                            "applied_to.1550972364.target_type": "NSGroup",
                            "description": "FS provisioned by Terraform",
                            "display_name": "Terraform Demo FW Section",
                            "id": "6bd5e81e-adf5-4dd6-b579-50f9a585252d",
                            "is_default": "false",
                            "revision": "0",
                            "rule.#": "7",
                            "rule.0.action": "ALLOW",
                            "rule.0.applied_to.#": "0",
                            "rule.0.description": "In going rule",
                            "rule.0.destination.#": "1",
                            "rule.0.destination.1898938384.is_valid": "true",
                            "rule.0.destination.1898938384.target_display_name": "web-terraform-demo-sg",
                            "rule.0.destination.1898938384.target_id": "e4a6f3cc-7613-4edd-a6d1-9ab56ccbc5db",
                            "rule.0.destination.1898938384.target_type": "NSGroup",
                            "rule.0.destinations_excluded": "false",
                            "rule.0.direction": "IN_OUT",
                            "rule.0.disabled": "false",
                            "rule.0.display_name": "Allow HTTPs",
                            "rule.0.id": "1061",
                            "rule.0.ip_protocol": "IPV4",
                            "rule.0.logged": "false",
                            "rule.0.notes": "",
                            "rule.0.revision": "0",
                            "rule.0.rule_tag": "",
                            "rule.0.service.#": "1",
                            "rule.0.service.0.is_valid": "true",
                            "rule.0.service.0.target_display_name": "HTTPS",
                            "rule.0.service.0.target_id": "3705b545-81b8-4c0f-b77a-fec77f6bf134",
                            "rule.0.service.0.target_type": "NSService",
                            "rule.0.source.#": "0",
                            "rule.0.sources_excluded": "false",
                            "rule.1.action": "ALLOW",
                            "rule.1.applied_to.#": "0",
                            "rule.1.description": "In going rule",
                            "rule.1.destination.#": "1",
                            "rule.1.destination.1550972364.is_valid": "true",
                            "rule.1.destination.1550972364.target_display_name": "terraform-demo-sg",
                            "rule.1.destination.1550972364.target_id": "679d3d85-c669-4241-bdd5-0aa4d362a10a",
                            "rule.1.destination.1550972364.target_type": "NSGroup",
                            "rule.1.destinations_excluded": "false",
                            "rule.1.direction": "IN_OUT",
                            "rule.1.disabled": "false",
                            "rule.1.display_name": "Allow SSH",
                            "rule.1.id": "1062",
                            "rule.1.ip_protocol": "IPV4",
                            "rule.1.logged": "false",
                            "rule.1.notes": "",
                            "rule.1.revision": "0",
                            "rule.1.rule_tag": "",
                            "rule.1.service.#": "1",
                            "rule.1.service.0.is_valid": "true",
                            "rule.1.service.0.target_display_name": "SSH",
                            "rule.1.service.0.target_id": "0b12e2c3-a728-456e-a246-2b722b7b9212",
                            "rule.1.service.0.target_type": "NSService",
                            "rule.1.source.#": "0",
                            "rule.1.sources_excluded": "false",
                            "rule.2.action": "ALLOW",
                            "rule.2.applied_to.#": "0",
                            "rule.2.description": "In going rule",
                            "rule.2.destination.#": "1",
                            "rule.2.destination.2132906735.is_valid": "true",
                            "rule.2.destination.2132906735.target_display_name": "app-terraform-demo-sg",
                            "rule.2.destination.2132906735.target_id": "1500a3ae-100a-436b-86d2-8b181b56b513",
                            "rule.2.destination.2132906735.target_type": "NSGroup",
                            "rule.2.destinations_excluded": "false",
                            "rule.2.direction": "IN_OUT",
                            "rule.2.disabled": "false",
                            "rule.2.display_name": "Allow Web to App",
                            "rule.2.id": "1063",
                            "rule.2.ip_protocol": "IPV4",
                            "rule.2.logged": "false",
                            "rule.2.notes": "",
                            "rule.2.revision": "0",
                            "rule.2.rule_tag": "",
                            "rule.2.service.#": "1",
                            "rule.2.service.0.is_valid": "true",
                            "rule.2.service.0.target_display_name": "App Service",
                            "rule.2.service.0.target_id": "7fd23d87-f6ca-43fc-914f-20330c6171b1",
                            "rule.2.service.0.target_type": "NSService",
                            "rule.2.source.#": "1",
                            "rule.2.source.1898938384.is_valid": "true",
                            "rule.2.source.1898938384.target_display_name": "web-terraform-demo-sg",
                            "rule.2.source.1898938384.target_id": "e4a6f3cc-7613-4edd-a6d1-9ab56ccbc5db",
                            "rule.2.source.1898938384.target_type": "NSGroup",
                            "rule.2.sources_excluded": "false",
                            "rule.3.action": "ALLOW",
                            "rule.3.applied_to.#": "0",
                            "rule.3.description": "In going rule",
                            "rule.3.destination.#": "1",
                            "rule.3.destination.3974692228.is_valid": "true",
                            "rule.3.destination.3974692228.target_display_name": "db-terraform-demo-sg",
                            "rule.3.destination.3974692228.target_id": "813618b7-c11f-4a75-9262-a0e61173af50",
                            "rule.3.destination.3974692228.target_type": "NSGroup",
                            "rule.3.destinations_excluded": "false",
                            "rule.3.direction": "IN_OUT",
                            "rule.3.disabled": "false",
                            "rule.3.display_name": "Allow App to DB",
                            "rule.3.id": "1064",
                            "rule.3.ip_protocol": "IPV4",
                            "rule.3.logged": "false",
                            "rule.3.notes": "",
                            "rule.3.revision": "0",
                            "rule.3.rule_tag": "",
                            "rule.3.service.#": "1",
                            "rule.3.service.0.is_valid": "true",
                            "rule.3.service.0.target_display_name": "MySQL",
                            "rule.3.service.0.target_id": "94105840-4f08-4805-a36d-b11368e5f2b1",
                            "rule.3.service.0.target_type": "NSService",
                            "rule.3.source.#": "1",
                            "rule.3.source.2132906735.is_valid": "true",
                            "rule.3.source.2132906735.target_display_name": "app-terraform-demo-sg",
                            "rule.3.source.2132906735.target_id": "1500a3ae-100a-436b-86d2-8b181b56b513",
                            "rule.3.source.2132906735.target_type": "NSGroup",
                            "rule.3.sources_excluded": "false",
                            "rule.4.action": "ALLOW",
                            "rule.4.applied_to.#": "0",
                            "rule.4.description": "Allow DNS and Management Servers",
                            "rule.4.destination.#": "1",
                            "rule.4.destination.1550972364.is_valid": "true",
                            "rule.4.destination.1550972364.target_display_name": "terraform-demo-sg",
                            "rule.4.destination.1550972364.target_id": "679d3d85-c669-4241-bdd5-0aa4d362a10a",
                            "rule.4.destination.1550972364.target_type": "NSGroup",
                            "rule.4.destinations_excluded": "false",
                            "rule.4.direction": "IN_OUT",
                            "rule.4.disabled": "false",
                            "rule.4.display_name": "Allow Infrastructure",
                            "rule.4.id": "1065",
                            "rule.4.ip_protocol": "IPV4",
                            "rule.4.logged": "false",
                            "rule.4.notes": "",
                            "rule.4.revision": "0",
                            "rule.4.rule_tag": "",
                            "rule.4.service.#": "0",
                            "rule.4.source.#": "1",
                            "rule.4.source.4004052784.is_valid": "true",
                            "rule.4.source.4004052784.target_display_name": "Infra",
                            "rule.4.source.4004052784.target_id": "d10610ff-c098-439f-8876-263a3628c393",
                            "rule.4.source.4004052784.target_type": "IPSet",
                            "rule.4.sources_excluded": "false",
                            "rule.5.action": "ALLOW",
                            "rule.5.applied_to.#": "0",
                            "rule.5.description": "Out going rule",
                            "rule.5.destination.#": "0",
                            "rule.5.destinations_excluded": "false",
                            "rule.5.direction": "IN_OUT",
                            "rule.5.disabled": "false",
                            "rule.5.display_name": "Allow out",
                            "rule.5.id": "1066",
                            "rule.5.ip_protocol": "IPV4",
                            "rule.5.logged": "false",
                            "rule.5.notes": "",
                            "rule.5.revision": "0",
                            "rule.5.rule_tag": "",
                            "rule.5.service.#": "0",
                            "rule.5.source.#": "1",
                            "rule.5.source.1550972364.is_valid": "true",
                            "rule.5.source.1550972364.target_display_name": "terraform-demo-sg",
                            "rule.5.source.1550972364.target_id": "679d3d85-c669-4241-bdd5-0aa4d362a10a",
                            "rule.5.source.1550972364.target_type": "NSGroup",
                            "rule.5.sources_excluded": "false",
                            "rule.6.action": "REJECT",
                            "rule.6.applied_to.#": "0",
                            "rule.6.description": "Default Deny the traffic",
                            "rule.6.destination.#": "0",
                            "rule.6.destinations_excluded": "false",
                            "rule.6.direction": "IN_OUT",
                            "rule.6.disabled": "false",
                            "rule.6.display_name": "Deny ANY",
                            "rule.6.id": "1067",
                            "rule.6.ip_protocol": "IPV4",
                            "rule.6.logged": "true",
                            "rule.6.notes": "",
                            "rule.6.revision": "0",
                            "rule.6.rule_tag": "",
                            "rule.6.service.#": "0",
                            "rule.6.source.#": "0",
                            "rule.6.sources_excluded": "false",
                            "section_type": "LAYER3",
                            "stateful": "true",
                            "tag.#": "1",
                            "tag.1849464165.scope": "project",
                            "tag.1849464165.tag": "terraform-demo"
                        },
                        "meta": {},
                        "tainted": false
                    },
                    "deposed": [],
                    "provider": "provider.nsxt"
                },
                "nsxt_ip_set.ip_set": {
                    "type": "nsxt_ip_set",
                    "depends_on": [],
                    "primary": {
                        "id": "d10610ff-c098-439f-8876-263a3628c393",
                        "attributes": {
                            "description": "Infrastructure IPSET provisioned by Terraform",
                            "display_name": "Infra",
                            "id": "d10610ff-c098-439f-8876-263a3628c393",
                            "ip_addresses.#": "3",
                            "ip_addresses.1093794394": "10.114.200.22",
                            "ip_addresses.1479199515": "10.114.200.23",
                            "ip_addresses.392912348": "10.114.200.24",
                            "revision": "0",
                            "tag.#": "1",
                            "tag.1849464165.scope": "project",
                            "tag.1849464165.tag": "terraform-demo"
                        },
                        "meta": {},
                        "tainted": false
                    },
                    "deposed": [],
                    "provider": "provider.nsxt"
                },
                "nsxt_l4_port_set_ns_service.app": {
                    "type": "nsxt_l4_port_set_ns_service",
                    "depends_on": [],
                    "primary": {
                        "id": "7fd23d87-f6ca-43fc-914f-20330c6171b1",
                        "attributes": {
                            "default_service": "false",
                            "description": "L4 Port range provisioned by Terraform",
                            "destination_ports.#": "1",
                            "destination_ports.1312336628": "8443",
                            "display_name": "App Service",
                            "id": "7fd23d87-f6ca-43fc-914f-20330c6171b1",
                            "protocol": "TCP",
                            "revision": "0",
                            "source_ports.#": "0",
                            "tag.#": "1",
                            "tag.1849464165.scope": "project",
                            "tag.1849464165.tag": "terraform-demo"
                        },
                        "meta": {},
                        "tainted": false
                    },
                    "deposed": [],
                    "provider": "provider.nsxt"
                },
                "nsxt_logical_port.logical_port1": {
                    "type": "nsxt_logical_port",
                    "depends_on": [
                        "nsxt_logical_switch.app"
                    ],
                    "primary": {
                        "id": "94ab7c85-0ece-4deb-877d-dc4555d63abc",
                        "attributes": {
                            "admin_state": "UP",
                            "description": "LP1 provisioned by Terraform",
                            "display_name": "AppToT1",
                            "id": "94ab7c85-0ece-4deb-877d-dc4555d63abc",
                            "logical_switch_id": "50edc380-8672-4bdc-bc6a-890cee9dcce3",
                            "revision": "0",
                            "switching_profile_id.#": "0",
                            "tag.#": "1",
                            "tag.1849464165.scope": "project",
                            "tag.1849464165.tag": "terraform-demo"
                        },
                        "meta": {},
                        "tainted": false
                    },
                    "deposed": [],
                    "provider": "provider.nsxt"
                },
                "nsxt_logical_port.logical_port2": {
                    "type": "nsxt_logical_port",
                    "depends_on": [
                        "nsxt_logical_switch.web"
                    ],
                    "primary": {
                        "id": "4b0a5c08-6e41-4a99-96b0-93958845b2b9",
                        "attributes": {
                            "admin_state": "UP",
                            "description": "LP1 provisioned by Terraform",
                            "display_name": "WebToT1",
                            "id": "4b0a5c08-6e41-4a99-96b0-93958845b2b9",
                            "logical_switch_id": "9f1bea48-c13c-4e03-82f7-06fa543e4811",
                            "revision": "0",
                            "switching_profile_id.#": "0",
                            "tag.#": "1",
                            "tag.1849464165.scope": "project",
                            "tag.1849464165.tag": "terraform-demo"
                        },
                        "meta": {},
                        "tainted": false
                    },
                    "deposed": [],
                    "provider": "provider.nsxt"
                },
                "nsxt_logical_port.logical_port3": {
                    "type": "nsxt_logical_port",
                    "depends_on": [
                        "nsxt_logical_switch.db"
                    ],
                    "primary": {
                        "id": "a1cb0005-4a31-4f82-b639-43fde00ef2da",
                        "attributes": {
                            "admin_state": "UP",
                            "description": "LP3 provisioned by Terraform",
                            "display_name": "DBToT1",
                            "id": "a1cb0005-4a31-4f82-b639-43fde00ef2da",
                            "logical_switch_id": "a3b8a45c-4d7f-4023-9c4d-5e3e215467ec",
                            "revision": "0",
                            "switching_profile_id.#": "0",
                            "tag.#": "1",
                            "tag.1849464165.scope": "project",
                            "tag.1849464165.tag": "terraform-demo"
                        },
                        "meta": {},
                        "tainted": false
                    },
                    "deposed": [],
                    "provider": "provider.nsxt"
                },
                "nsxt_logical_router_downlink_port.downlink_port": {
                    "type": "nsxt_logical_router_downlink_port",
                    "depends_on": [
                        "nsxt_logical_port.logical_port1",
                        "nsxt_logical_tier1_router.tier1_router"
                    ],
                    "primary": {
                        "id": "fb5c5b52-f33f-4c81-ac32-8a56be7d9731",
                        "attributes": {
                            "description": "DP1 provisioned by Terraform",
                            "display_name": "DP1",
                            "id": "fb5c5b52-f33f-4c81-ac32-8a56be7d9731",
                            "ip_address": "192.168.246.1/24",
                            "linked_logical_switch_port_id": "94ab7c85-0ece-4deb-877d-dc4555d63abc",
                            "logical_router_id": "29ed93f3-146f-49a8-b62e-76197cc7190c",
                            "mac_address": "02:50:56:56:44:52",
                            "revision": "0",
                            "service_binding.#": "0",
                            "tag.#": "1",
                            "tag.1849464165.scope": "project",
                            "tag.1849464165.tag": "terraform-demo",
                            "urpf_mode": "STRICT"
                        },
                        "meta": {},
                        "tainted": false
                    },
                    "deposed": [],
                    "provider": "provider.nsxt"
                },
                "nsxt_logical_router_downlink_port.downlink_port2": {
                    "type": "nsxt_logical_router_downlink_port",
                    "depends_on": [
                        "nsxt_logical_port.logical_port2",
                        "nsxt_logical_tier1_router.tier1_router"
                    ],
                    "primary": {
                        "id": "e4a1c3ac-0881-4f10-9cfb-4b316201312f",
                        "attributes": {
                            "description": "DP2 provisioned by Terraform",
                            "display_name": "DP2",
                            "id": "e4a1c3ac-0881-4f10-9cfb-4b316201312f",
                            "ip_address": "192.168.244.1/24",
                            "linked_logical_switch_port_id": "4b0a5c08-6e41-4a99-96b0-93958845b2b9",
                            "logical_router_id": "29ed93f3-146f-49a8-b62e-76197cc7190c",
                            "mac_address": "02:50:56:56:44:52",
                            "revision": "0",
                            "service_binding.#": "0",
                            "tag.#": "1",
                            "tag.1849464165.scope": "project",
                            "tag.1849464165.tag": "terraform-demo",
                            "urpf_mode": "STRICT"
                        },
                        "meta": {},
                        "tainted": false
                    },
                    "deposed": [],
                    "provider": "provider.nsxt"
                },
                "nsxt_logical_router_downlink_port.downlink_port3": {
                    "type": "nsxt_logical_router_downlink_port",
                    "depends_on": [
                        "nsxt_logical_port.logical_port3",
                        "nsxt_logical_tier1_router.tier1_router"
                    ],
                    "primary": {
                        "id": "80dedbea-9144-42df-ab15-7b0059a84266",
                        "attributes": {
                            "description": "DP3 provisioned by Terraform",
                            "display_name": "DP3",
                            "id": "80dedbea-9144-42df-ab15-7b0059a84266",
                            "ip_address": "192.168.247.1/24",
                            "linked_logical_switch_port_id": "a1cb0005-4a31-4f82-b639-43fde00ef2da",
                            "logical_router_id": "29ed93f3-146f-49a8-b62e-76197cc7190c",
                            "mac_address": "02:50:56:56:44:52",
                            "revision": "0",
                            "service_binding.#": "0",
                            "tag.#": "1",
                            "tag.1849464165.scope": "project",
                            "tag.1849464165.tag": "terraform-demo",
                            "urpf_mode": "STRICT"
                        },
                        "meta": {},
                        "tainted": false
                    },
                    "deposed": [],
                    "provider": "provider.nsxt"
                },
                "nsxt_logical_router_link_port_on_tier0.link_port_tier0": {
                    "type": "nsxt_logical_router_link_port_on_tier0",
                    "depends_on": [
                        "data.nsxt_logical_tier0_router.tier0_router"
                    ],
                    "primary": {
                        "id": "4e88ec17-cf0b-4665-8023-cadaa2ffc917",
                        "attributes": {
                            "description": "TIER0_PORT1 provisioned by Terraform",
                            "display_name": "TIER0_PORT1",
                            "id": "4e88ec17-cf0b-4665-8023-cadaa2ffc917",
                            "linked_logical_router_port_id": "",
                            "logical_router_id": "82e25c73-7438-4ad7-9761-e666d87fc276",
                            "revision": "0",
                            "tag.#": "1",
                            "tag.1849464165.scope": "project",
                            "tag.1849464165.tag": "terraform-demo"
                        },
                        "meta": {},
                        "tainted": false
                    },
                    "deposed": [],
                    "provider": "provider.nsxt"
                },
                "nsxt_logical_router_link_port_on_tier1.link_port_tier1": {
                    "type": "nsxt_logical_router_link_port_on_tier1",
                    "depends_on": [
                        "nsxt_logical_router_link_port_on_tier0.link_port_tier0",
                        "nsxt_logical_tier1_router.tier1_router"
                    ],
                    "primary": {
                        "id": "6e9faeff-6f40-4854-806f-65298dbfc0f4",
                        "attributes": {
                            "description": "TIER1_PORT1 provisioned by Terraform",
                            "display_name": "TIER1_PORT1",
                            "id": "6e9faeff-6f40-4854-806f-65298dbfc0f4",
                            "linked_logical_router_port_id": "4e88ec17-cf0b-4665-8023-cadaa2ffc917",
                            "logical_router_id": "29ed93f3-146f-49a8-b62e-76197cc7190c",
                            "revision": "0",
                            "tag.#": "1",
                            "tag.1849464165.scope": "project",
                            "tag.1849464165.tag": "terraform-demo"
                        },
                        "meta": {},
                        "tainted": false
                    },
                    "deposed": [],
                    "provider": "provider.nsxt"
                },
                "nsxt_logical_switch.app": {
                    "type": "nsxt_logical_switch",
                    "depends_on": [
                        "data.nsxt_transport_zone.overlay_tz"
                    ],
                    "primary": {
                        "id": "50edc380-8672-4bdc-bc6a-890cee9dcce3",
                        "attributes": {
                            "address_binding.#": "0",
                            "admin_state": "UP",
                            "description": "LS created by Terraform",
                            "display_name": "app-tier",
                            "id": "50edc380-8672-4bdc-bc6a-890cee9dcce3",
                            "ip_pool_id": "",
                            "mac_pool_id": "",
                            "replication_mode": "MTEP",
                            "revision": "0",
                            "switching_profile_id.#": "0",
                            "tag.#": "2",
                            "tag.1821185798.scope": "tier",
                            "tag.1821185798.tag": "app",
                            "tag.1849464165.scope": "project",
                            "tag.1849464165.tag": "terraform-demo",
                            "transport_zone_id": "1df18b6f-0659-430f-9c37-b7d2763f67e9",
                            "vlan": "0",
                            "vni": "71684"
                        },
                        "meta": {},
                        "tainted": false
                    },
                    "deposed": [],
                    "provider": "provider.nsxt"
                },
                "nsxt_logical_switch.db": {
                    "type": "nsxt_logical_switch",
                    "depends_on": [
                        "data.nsxt_transport_zone.overlay_tz"
                    ],
                    "primary": {
                        "id": "a3b8a45c-4d7f-4023-9c4d-5e3e215467ec",
                        "attributes": {
                            "address_binding.#": "0",
                            "admin_state": "UP",
                            "description": "LS created by Terraform",
                            "display_name": "db-tier",
                            "id": "a3b8a45c-4d7f-4023-9c4d-5e3e215467ec",
                            "ip_pool_id": "",
                            "mac_pool_id": "",
                            "replication_mode": "MTEP",
                            "revision": "0",
                            "switching_profile_id.#": "0",
                            "tag.#": "2",
                            "tag.1849464165.scope": "project",
                            "tag.1849464165.tag": "terraform-demo",
                            "tag.467251561.scope": "tier",
                            "tag.467251561.tag": "db",
                            "transport_zone_id": "1df18b6f-0659-430f-9c37-b7d2763f67e9",
                            "vlan": "0",
                            "vni": "71682"
                        },
                        "meta": {},
                        "tainted": false
                    },
                    "deposed": [],
                    "provider": "provider.nsxt"
                },
                "nsxt_logical_switch.web": {
                    "type": "nsxt_logical_switch",
                    "depends_on": [
                        "data.nsxt_transport_zone.overlay_tz"
                    ],
                    "primary": {
                        "id": "9f1bea48-c13c-4e03-82f7-06fa543e4811",
                        "attributes": {
                            "address_binding.#": "0",
                            "admin_state": "UP",
                            "description": "LS created by Terraform",
                            "display_name": "web-tier",
                            "id": "9f1bea48-c13c-4e03-82f7-06fa543e4811",
                            "ip_pool_id": "",
                            "mac_pool_id": "",
                            "replication_mode": "MTEP",
                            "revision": "0",
                            "switching_profile_id.#": "0",
                            "tag.#": "2",
                            "tag.1849464165.scope": "project",
                            "tag.1849464165.tag": "terraform-demo",
                            "tag.2078674445.scope": "tier",
                            "tag.2078674445.tag": "web",
                            "transport_zone_id": "1df18b6f-0659-430f-9c37-b7d2763f67e9",
                            "vlan": "0",
                            "vni": "71683"
                        },
                        "meta": {},
                        "tainted": false
                    },
                    "deposed": [],
                    "provider": "provider.nsxt"
                },
                "nsxt_logical_tier1_router.tier1_router": {
                    "type": "nsxt_logical_tier1_router",
                    "depends_on": [
                        "data.nsxt_edge_cluster.edge_cluster1"
                    ],
                    "primary": {
                        "id": "29ed93f3-146f-49a8-b62e-76197cc7190c",
                        "attributes": {
                            "advertise_config_revision": "1",
                            "advertise_connected_routes": "true",
                            "advertise_lb_snat_ip_routes": "false",
                            "advertise_lb_vip_routes": "false",
                            "advertise_nat_routes": "true",
                            "advertise_static_routes": "true",
                            "description": "Tier1 router provisioned by Terraform",
                            "display_name": "tf-router1",
                            "edge_cluster_id": "180086e0-7b30-4068-9dad-aa90069d2f5f",
                            "enable_router_advertisement": "true",
                            "failover_mode": "PREEMPTIVE",
                            "firewall_sections.#": "1",
                            "firewall_sections.0.is_valid": "true",
                            "firewall_sections.0.target_display_name": "",
                            "firewall_sections.0.target_id": "e7de398b-1d18-4c2c-959f-1fc6c071f163",
                            "firewall_sections.0.target_type": "FirewallSection",
                            "id": "29ed93f3-146f-49a8-b62e-76197cc7190c",
                            "revision": "0",
                            "tag.#": "1",
                            "tag.1849464165.scope": "project",
                            "tag.1849464165.tag": "terraform-demo"
                        },
                        "meta": {},
                        "tainted": false
                    },
                    "deposed": [],
                    "provider": "provider.nsxt"
                },
                "nsxt_nat_rule.rule1": {
                    "type": "nsxt_nat_rule",
                    "depends_on": [
                        "nsxt_logical_tier1_router.tier1_router"
                    ],
                    "primary": {
                        "id": "1057",
                        "attributes": {
                            "action": "SNAT",
                            "description": "1 to 1 NAT provisioned by Terraform",
                            "display_name": "Web 1to1-in",
                            "enabled": "true",
                            "id": "1057",
                            "logging": "false",
                            "logical_router_id": "29ed93f3-146f-49a8-b62e-76197cc7190c",
                            "match_destination_network": "",
                            "match_source_network": "192.168.244.19/32",
                            "nat_pass": "true",
                            "revision": "0",
                            "rule_priority": "1024",
                            "tag.#": "1",
                            "tag.1849464165.scope": "project",
                            "tag.1849464165.tag": "terraform-demo",
                            "translated_network": "10.114.200.19",
                            "translated_ports": ""
                        },
                        "meta": {},
                        "tainted": false
                    },
                    "deposed": [],
                    "provider": "provider.nsxt"
                },
                "nsxt_nat_rule.rule2": {
                    "type": "nsxt_nat_rule",
                    "depends_on": [
                        "nsxt_logical_tier1_router.tier1_router"
                    ],
                    "primary": {
                        "id": "1060",
                        "attributes": {
                            "action": "DNAT",
                            "description": "1 to 1 NAT provisioned by Terraform",
                            "display_name": "Web 1to1-out",
                            "enabled": "true",
                            "id": "1060",
                            "logging": "false",
                            "logical_router_id": "29ed93f3-146f-49a8-b62e-76197cc7190c",
                            "match_destination_network": "10.114.200.19/32",
                            "match_source_network": "",
                            "nat_pass": "true",
                            "revision": "0",
                            "rule_priority": "1024",
                            "tag.#": "1",
                            "tag.1849464165.scope": "project",
                            "tag.1849464165.tag": "terraform-demo",
                            "translated_network": "192.168.244.19",
                            "translated_ports": ""
                        },
                        "meta": {},
                        "tainted": false
                    },
                    "deposed": [],
                    "provider": "provider.nsxt"
                },
                "nsxt_nat_rule.rule3": {
                    "type": "nsxt_nat_rule",
                    "depends_on": [
                        "nsxt_logical_tier1_router.tier1_router"
                    ],
                    "primary": {
                        "id": "1058",
                        "attributes": {
                            "action": "SNAT",
                            "description": "1 to 1 NAT provisioned by Terraform",
                            "display_name": "App 1to1-in",
                            "enabled": "true",
                            "id": "1058",
                            "logging": "false",
                            "logical_router_id": "29ed93f3-146f-49a8-b62e-76197cc7190c",
                            "match_destination_network": "",
                            "match_source_network": "192.168.246.20/32",
                            "nat_pass": "true",
                            "revision": "0",
                            "rule_priority": "1024",
                            "tag.#": "1",
                            "tag.1849464165.scope": "project",
                            "tag.1849464165.tag": "terraform-demo",
                            "translated_network": "10.114.200.20",
                            "translated_ports": ""
                        },
                        "meta": {},
                        "tainted": false
                    },
                    "deposed": [],
                    "provider": "provider.nsxt"
                },
                "nsxt_nat_rule.rule4": {
                    "type": "nsxt_nat_rule",
                    "depends_on": [
                        "nsxt_logical_tier1_router.tier1_router"
                    ],
                    "primary": {
                        "id": "1055",
                        "attributes": {
                            "action": "DNAT",
                            "description": "1 to 1 NAT provisioned by Terraform",
                            "display_name": "App 1to1-out",
                            "enabled": "true",
                            "id": "1055",
                            "logging": "false",
                            "logical_router_id": "29ed93f3-146f-49a8-b62e-76197cc7190c",
                            "match_destination_network": "10.114.200.20/32",
                            "match_source_network": "",
                            "nat_pass": "true",
                            "revision": "0",
                            "rule_priority": "1024",
                            "tag.#": "1",
                            "tag.1849464165.scope": "project",
                            "tag.1849464165.tag": "terraform-demo",
                            "translated_network": "192.168.246.20",
                            "translated_ports": ""
                        },
                        "meta": {},
                        "tainted": false
                    },
                    "deposed": [],
                    "provider": "provider.nsxt"
                },
                "nsxt_nat_rule.rule5": {
                    "type": "nsxt_nat_rule",
                    "depends_on": [
                        "nsxt_logical_tier1_router.tier1_router"
                    ],
                    "primary": {
                        "id": "1056",
                        "attributes": {
                            "action": "SNAT",
                            "description": "1 to 1 NAT provisioned by Terraform",
                            "display_name": "DB 1to1-in",
                            "enabled": "true",
                            "id": "1056",
                            "logging": "false",
                            "logical_router_id": "29ed93f3-146f-49a8-b62e-76197cc7190c",
                            "match_destination_network": "",
                            "match_source_network": "192.168.247.21/32",
                            "nat_pass": "true",
                            "revision": "0",
                            "rule_priority": "1024",
                            "tag.#": "1",
                            "tag.1849464165.scope": "project",
                            "tag.1849464165.tag": "terraform-demo",
                            "translated_network": "10.114.200.21",
                            "translated_ports": ""
                        },
                        "meta": {},
                        "tainted": false
                    },
                    "deposed": [],
                    "provider": "provider.nsxt"
                },
                "nsxt_nat_rule.rule6": {
                    "type": "nsxt_nat_rule",
                    "depends_on": [
                        "nsxt_logical_tier1_router.tier1_router"
                    ],
                    "primary": {
                        "id": "1059",
                        "attributes": {
                            "action": "DNAT",
                            "description": "1 to 1 NAT provisioned by Terraform",
                            "display_name": "DB 1to1-out",
                            "enabled": "true",
                            "id": "1059",
                            "logging": "false",
                            "logical_router_id": "29ed93f3-146f-49a8-b62e-76197cc7190c",
                            "match_destination_network": "10.114.200.21/32",
                            "match_source_network": "",
                            "nat_pass": "true",
                            "revision": "0",
                            "rule_priority": "1024",
                            "tag.#": "1",
                            "tag.1849464165.scope": "project",
                            "tag.1849464165.tag": "terraform-demo",
                            "translated_network": "192.168.247.21",
                            "translated_ports": ""
                        },
                        "meta": {},
                        "tainted": false
                    },
                    "deposed": [],
                    "provider": "provider.nsxt"
                },
                "nsxt_ns_group.appnsgroup": {
                    "type": "nsxt_ns_group",
                    "depends_on": [],
                    "primary": {
                        "id": "1500a3ae-100a-436b-86d2-8b181b56b513",
                        "attributes": {
                            "description": "NSGroup provisioned by Terraform",
                            "display_name": "app-terraform-demo-sg",
                            "id": "1500a3ae-100a-436b-86d2-8b181b56b513",
                            "member.#": "0",
                            "membership_criteria.#": "1",
                            "membership_criteria.0.scope": "tier",
                            "membership_criteria.0.scope_op": "EQUALS",
                            "membership_criteria.0.tag": "app",
                            "membership_criteria.0.tag_op": "EQUALS",
                            "membership_criteria.0.target_type": "VirtualMachine",
                            "revision": "1",
                            "tag.#": "1",
                            "tag.1849464165.scope": "project",
                            "tag.1849464165.tag": "terraform-demo"
                        },
                        "meta": {},
                        "tainted": false
                    },
                    "deposed": [],
                    "provider": "provider.nsxt"
                },
                "nsxt_ns_group.dbnsgroup": {
                    "type": "nsxt_ns_group",
                    "depends_on": [],
                    "primary": {
                        "id": "813618b7-c11f-4a75-9262-a0e61173af50",
                        "attributes": {
                            "description": "NSGroup provisioned by Terraform",
                            "display_name": "db-terraform-demo-sg",
                            "id": "813618b7-c11f-4a75-9262-a0e61173af50",
                            "member.#": "0",
                            "membership_criteria.#": "1",
                            "membership_criteria.0.scope": "tier",
                            "membership_criteria.0.scope_op": "EQUALS",
                            "membership_criteria.0.tag": "db",
                            "membership_criteria.0.tag_op": "EQUALS",
                            "membership_criteria.0.target_type": "VirtualMachine",
                            "revision": "1",
                            "tag.#": "1",
                            "tag.1849464165.scope": "project",
                            "tag.1849464165.tag": "terraform-demo"
                        },
                        "meta": {},
                        "tainted": false
                    },
                    "deposed": [],
                    "provider": "provider.nsxt"
                },
                "nsxt_ns_group.nsgroup": {
                    "type": "nsxt_ns_group",
                    "depends_on": [],
                    "primary": {
                        "id": "679d3d85-c669-4241-bdd5-0aa4d362a10a",
                        "attributes": {
                            "description": "NSGroup provisioned by Terraform",
                            "display_name": "terraform-demo-sg",
                            "id": "679d3d85-c669-4241-bdd5-0aa4d362a10a",
                            "member.#": "0",
                            "membership_criteria.#": "1",
                            "membership_criteria.0.scope": "project",
                            "membership_criteria.0.scope_op": "EQUALS",
                            "membership_criteria.0.tag": "terraform-demo",
                            "membership_criteria.0.tag_op": "EQUALS",
                            "membership_criteria.0.target_type": "VirtualMachine",
                            "revision": "1",
                            "tag.#": "1",
                            "tag.1849464165.scope": "project",
                            "tag.1849464165.tag": "terraform-demo"
                        },
                        "meta": {},
                        "tainted": false
                    },
                    "deposed": [],
                    "provider": "provider.nsxt"
                },
                "nsxt_ns_group.webnsgroup": {
                    "type": "nsxt_ns_group",
                    "depends_on": [],
                    "primary": {
                        "id": "e4a6f3cc-7613-4edd-a6d1-9ab56ccbc5db",
                        "attributes": {
                            "description": "NSGroup provisioned by Terraform",
                            "display_name": "web-terraform-demo-sg",
                            "id": "e4a6f3cc-7613-4edd-a6d1-9ab56ccbc5db",
                            "member.#": "0",
                            "membership_criteria.#": "1",
                            "membership_criteria.0.scope": "tier",
                            "membership_criteria.0.scope_op": "EQUALS",
                            "membership_criteria.0.tag": "web",
                            "membership_criteria.0.tag_op": "EQUALS",
                            "membership_criteria.0.target_type": "VirtualMachine",
                            "revision": "1",
                            "tag.#": "1",
                            "tag.1849464165.scope": "project",
                            "tag.1849464165.tag": "terraform-demo"
                        },
                        "meta": {},
                        "tainted": false
                    },
                    "deposed": [],
                    "provider": "provider.nsxt"
                }
            },
            "depends_on": []
        }
    ]
}
